// !$*UTF8*$!
{
	archiveVersion = 1;
	classes = {
	};
	objectVersion = 50;
	objects = {

/* Begin PBXBuildFile section */
		28BA9AEE22B3B6D000BBA2B3 /* AppDelegate.swift in Sources */ = {isa = PBXBuildFile; fileRef = 28BA9AED22B3B6D000BBA2B3 /* AppDelegate.swift */; };
		28BA9AF022B3B6D000BBA2B3 /* ViewController.swift in Sources */ = {isa = PBXBuildFile; fileRef = 28BA9AEF22B3B6D000BBA2B3 /* ViewController.swift */; };
		28BA9AF322B3B6D000BBA2B3 /* Main.storyboard in Resources */ = {isa = PBXBuildFile; fileRef = 28BA9AF122B3B6D000BBA2B3 /* Main.storyboard */; };
		28BA9AF522B3B6D000BBA2B3 /* Assets.xcassets in Resources */ = {isa = PBXBuildFile; fileRef = 28BA9AF422B3B6D000BBA2B3 /* Assets.xcassets */; };
		28BA9AF822B3B6D000BBA2B3 /* LaunchScreen.storyboard in Resources */ = {isa = PBXBuildFile; fileRef = 28BA9AF622B3B6D000BBA2B3 /* LaunchScreen.storyboard */; };
		28BA9B0322B3B6D000BBA2B3 /* GithubCommitsTests.swift in Sources */ = {isa = PBXBuildFile; fileRef = 28BA9B0222B3B6D000BBA2B3 /* GithubCommitsTests.swift */; };
		28BA9B0E22B3B6D000BBA2B3 /* GithubCommitsUITests.swift in Sources */ = {isa = PBXBuildFile; fileRef = 28BA9B0D22B3B6D000BBA2B3 /* GithubCommitsUITests.swift */; };
		28BA9B1D22B3B9C800BBA2B3 /* RepoSearchInfo.swift in Sources */ = {isa = PBXBuildFile; fileRef = 28BA9B1C22B3B9C800BBA2B3 /* RepoSearchInfo.swift */; };
		28BA9B1F22B3BACE00BBA2B3 /* Commits.swift in Sources */ = {isa = PBXBuildFile; fileRef = 28BA9B1E22B3BACE00BBA2B3 /* Commits.swift */; };
		28BA9B2122B3C39B00BBA2B3 /* SearchRepoTests.swift in Sources */ = {isa = PBXBuildFile; fileRef = 28BA9B2022B3C39B00BBA2B3 /* SearchRepoTests.swift */; };
		28BA9B2422B3C3EA00BBA2B3 /* SearchRepoPresenter.swift in Sources */ = {isa = PBXBuildFile; fileRef = 28BA9B2322B3C3EA00BBA2B3 /* SearchRepoPresenter.swift */; };
/* End PBXBuildFile section */

/* Begin PBXContainerItemProxy section */
		28BA9AFF22B3B6D000BBA2B3 /* PBXContainerItemProxy */ = {
			isa = PBXContainerItemProxy;
			containerPortal = 28BA9AE222B3B6D000BBA2B3 /* Project object */;
			proxyType = 1;
			remoteGlobalIDString = 28BA9AE922B3B6D000BBA2B3;
			remoteInfo = GithubCommits;
		};
		28BA9B0A22B3B6D000BBA2B3 /* PBXContainerItemProxy */ = {
			isa = PBXContainerItemProxy;
			containerPortal = 28BA9AE222B3B6D000BBA2B3 /* Project object */;
			proxyType = 1;
			remoteGlobalIDString = 28BA9AE922B3B6D000BBA2B3;
			remoteInfo = GithubCommits;
		};
/* End PBXContainerItemProxy section */

/* Begin PBXFileReference section */
		28BA9AEA22B3B6D000BBA2B3 /* GithubCommits.app */ = {isa = PBXFileReference; explicitFileType = wrapper.application; includeInIndex = 0; path = GithubCommits.app; sourceTree = BUILT_PRODUCTS_DIR; };
		28BA9AED22B3B6D000BBA2B3 /* AppDelegate.swift */ = {isa = PBXFileReference; lastKnownFileType = sourcecode.swift; path = AppDelegate.swift; sourceTree = "<group>"; };
		28BA9AEF22B3B6D000BBA2B3 /* ViewController.swift */ = {isa = PBXFileReference; lastKnownFileType = sourcecode.swift; path = ViewController.swift; sourceTree = "<group>"; };
		28BA9AF222B3B6D000BBA2B3 /* Base */ = {isa = PBXFileReference; lastKnownFileType = file.storyboard; name = Base; path = Base.lproj/Main.storyboard; sourceTree = "<group>"; };
		28BA9AF422B3B6D000BBA2B3 /* Assets.xcassets */ = {isa = PBXFileReference; lastKnownFileType = folder.assetcatalog; path = Assets.xcassets; sourceTree = "<group>"; };
		28BA9AF722B3B6D000BBA2B3 /* Base */ = {isa = PBXFileReference; lastKnownFileType = file.storyboard; name = Base; path = Base.lproj/LaunchScreen.storyboard; sourceTree = "<group>"; };
		28BA9AF922B3B6D000BBA2B3 /* Info.plist */ = {isa = PBXFileReference; lastKnownFileType = text.plist.xml; path = Info.plist; sourceTree = "<group>"; };
		28BA9AFE22B3B6D000BBA2B3 /* GithubCommitsTests.xctest */ = {isa = PBXFileReference; explicitFileType = wrapper.cfbundle; includeInIndex = 0; path = GithubCommitsTests.xctest; sourceTree = BUILT_PRODUCTS_DIR; };
		28BA9B0222B3B6D000BBA2B3 /* GithubCommitsTests.swift */ = {isa = PBXFileReference; lastKnownFileType = sourcecode.swift; path = GithubCommitsTests.swift; sourceTree = "<group>"; };
		28BA9B0422B3B6D000BBA2B3 /* Info.plist */ = {isa = PBXFileReference; lastKnownFileType = text.plist.xml; path = Info.plist; sourceTree = "<group>"; };
		28BA9B0922B3B6D000BBA2B3 /* GithubCommitsUITests.xctest */ = {isa = PBXFileReference; explicitFileType = wrapper.cfbundle; includeInIndex = 0; path = GithubCommitsUITests.xctest; sourceTree = BUILT_PRODUCTS_DIR; };
		28BA9B0D22B3B6D000BBA2B3 /* GithubCommitsUITests.swift */ = {isa = PBXFileReference; lastKnownFileType = sourcecode.swift; path = GithubCommitsUITests.swift; sourceTree = "<group>"; };
		28BA9B0F22B3B6D000BBA2B3 /* Info.plist */ = {isa = PBXFileReference; lastKnownFileType = text.plist.xml; path = Info.plist; sourceTree = "<group>"; };
		28BA9B1C22B3B9C800BBA2B3 /* RepoSearchInfo.swift */ = {isa = PBXFileReference; lastKnownFileType = sourcecode.swift; path = RepoSearchInfo.swift; sourceTree = "<group>"; };
		28BA9B1E22B3BACE00BBA2B3 /* Commits.swift */ = {isa = PBXFileReference; lastKnownFileType = sourcecode.swift; path = Commits.swift; sourceTree = "<group>"; };
		28BA9B2022B3C39B00BBA2B3 /* SearchRepoTests.swift */ = {isa = PBXFileReference; lastKnownFileType = sourcecode.swift; path = SearchRepoTests.swift; sourceTree = "<group>"; };
		28BA9B2322B3C3EA00BBA2B3 /* SearchRepoPresenter.swift */ = {isa = PBXFileReference; lastKnownFileType = sourcecode.swift; path = SearchRepoPresenter.swift; sourceTree = "<group>"; };
/* End PBXFileReference section */

/* Begin PBXFrameworksBuildPhase section */
		28BA9AE722B3B6D000BBA2B3 /* Frameworks */ = {
			isa = PBXFrameworksBuildPhase;
			buildActionMask = 2147483647;
			files = (
			);
			runOnlyForDeploymentPostprocessing = 0;
		};
		28BA9AFB22B3B6D000BBA2B3 /* Frameworks */ = {
			isa = PBXFrameworksBuildPhase;
			buildActionMask = 2147483647;
			files = (
			);
			runOnlyForDeploymentPostprocessing = 0;
		};
		28BA9B0622B3B6D000BBA2B3 /* Frameworks */ = {
			isa = PBXFrameworksBuildPhase;
			buildActionMask = 2147483647;
			files = (
			);
			runOnlyForDeploymentPostprocessing = 0;
		};
/* End PBXFrameworksBuildPhase section */

/* Begin PBXGroup section */
		28BA9AE122B3B6D000BBA2B3 = {
			isa = PBXGroup;
			children = (
				28BA9AEC22B3B6D000BBA2B3 /* GithubCommits */,
				28BA9B0122B3B6D000BBA2B3 /* GithubCommitsTests */,
				28BA9B0C22B3B6D000BBA2B3 /* GithubCommitsUITests */,
				28BA9AEB22B3B6D000BBA2B3 /* Products */,
			);
			sourceTree = "<group>";
		};
		28BA9AEB22B3B6D000BBA2B3 /* Products */ = {
			isa = PBXGroup;
			children = (
				28BA9AEA22B3B6D000BBA2B3 /* GithubCommits.app */,
				28BA9AFE22B3B6D000BBA2B3 /* GithubCommitsTests.xctest */,
				28BA9B0922B3B6D000BBA2B3 /* GithubCommitsUITests.xctest */,
			);
			name = Products;
			sourceTree = "<group>";
		};
		28BA9AEC22B3B6D000BBA2B3 /* GithubCommits */ = {
			isa = PBXGroup;
			children = (
				28BA9B2222B3C3D900BBA2B3 /* Presenter */,
				28BA9B1B22B3B9A600BBA2B3 /* Model */,
				28BA9AED22B3B6D000BBA2B3 /* AppDelegate.swift */,
				28BA9AEF22B3B6D000BBA2B3 /* ViewController.swift */,
				28BA9AF122B3B6D000BBA2B3 /* Main.storyboard */,
				28BA9AF422B3B6D000BBA2B3 /* Assets.xcassets */,
				28BA9AF622B3B6D000BBA2B3 /* LaunchScreen.storyboard */,
				28BA9AF922B3B6D000BBA2B3 /* Info.plist */,
			);
			path = GithubCommits;
			sourceTree = "<group>";
		};
		28BA9B0122B3B6D000BBA2B3 /* GithubCommitsTests */ = {
			isa = PBXGroup;
			children = (
				28BA9B0222B3B6D000BBA2B3 /* GithubCommitsTests.swift */,
				28BA9B0422B3B6D000BBA2B3 /* Info.plist */,
				28BA9B2022B3C39B00BBA2B3 /* SearchRepoTests.swift */,
			);
			path = GithubCommitsTests;
			sourceTree = "<group>";
		};
		28BA9B0C22B3B6D000BBA2B3 /* GithubCommitsUITests */ = {
			isa = PBXGroup;
			children = (
				28BA9B0D22B3B6D000BBA2B3 /* GithubCommitsUITests.swift */,
				28BA9B0F22B3B6D000BBA2B3 /* Info.plist */,
			);
			path = GithubCommitsUITests;
			sourceTree = "<group>";
		};
		28BA9B1B22B3B9A600BBA2B3 /* Model */ = {
			isa = PBXGroup;
			children = (
				28BA9B1C22B3B9C800BBA2B3 /* RepoSearchInfo.swift */,
				28BA9B1E22B3BACE00BBA2B3 /* Commits.swift */,
			);
			path = Model;
			sourceTree = "<group>";
		};
		28BA9B2222B3C3D900BBA2B3 /* Presenter */ = {
			isa = PBXGroup;
			children = (
				28BA9B2322B3C3EA00BBA2B3 /* SearchRepoPresenter.swift */,
			);
			path = Presenter;
			sourceTree = "<group>";
		};
/* End PBXGroup section */

/* Begin PBXNativeTarget section */
		28BA9AE922B3B6D000BBA2B3 /* GithubCommits */ = {
			isa = PBXNativeTarget;
			buildConfigurationList = 28BA9B1222B3B6D000BBA2B3 /* Build configuration list for PBXNativeTarget "GithubCommits" */;
			buildPhases = (
				28BA9AE622B3B6D000BBA2B3 /* Sources */,
				28BA9AE722B3B6D000BBA2B3 /* Frameworks */,
				28BA9AE822B3B6D000BBA2B3 /* Resources */,
			);
			buildRules = (
			);
			dependencies = (
			);
			name = GithubCommits;
			productName = GithubCommits;
			productReference = 28BA9AEA22B3B6D000BBA2B3 /* GithubCommits.app */;
			productType = "com.apple.product-type.application";
		};
		28BA9AFD22B3B6D000BBA2B3 /* GithubCommitsTests */ = {
			isa = PBXNativeTarget;
			buildConfigurationList = 28BA9B1522B3B6D000BBA2B3 /* Build configuration list for PBXNativeTarget "GithubCommitsTests" */;
			buildPhases = (
				28BA9AFA22B3B6D000BBA2B3 /* Sources */,
				28BA9AFB22B3B6D000BBA2B3 /* Frameworks */,
				28BA9AFC22B3B6D000BBA2B3 /* Resources */,
			);
			buildRules = (
			);
			dependencies = (
				28BA9B0022B3B6D000BBA2B3 /* PBXTargetDependency */,
			);
			name = GithubCommitsTests;
			productName = GithubCommitsTests;
			productReference = 28BA9AFE22B3B6D000BBA2B3 /* GithubCommitsTests.xctest */;
			productType = "com.apple.product-type.bundle.unit-test";
		};
		28BA9B0822B3B6D000BBA2B3 /* GithubCommitsUITests */ = {
			isa = PBXNativeTarget;
			buildConfigurationList = 28BA9B1822B3B6D000BBA2B3 /* Build configuration list for PBXNativeTarget "GithubCommitsUITests" */;
			buildPhases = (
				28BA9B0522B3B6D000BBA2B3 /* Sources */,
				28BA9B0622B3B6D000BBA2B3 /* Frameworks */,
				28BA9B0722B3B6D000BBA2B3 /* Resources */,
			);
			buildRules = (
			);
			dependencies = (
				28BA9B0B22B3B6D000BBA2B3 /* PBXTargetDependency */,
			);
			name = GithubCommitsUITests;
			productName = GithubCommitsUITests;
			productReference = 28BA9B0922B3B6D000BBA2B3 /* GithubCommitsUITests.xctest */;
			productType = "com.apple.product-type.bundle.ui-testing";
		};
/* End PBXNativeTarget section */

/* Begin PBXProject section */
		28BA9AE222B3B6D000BBA2B3 /* Project object */ = {
			isa = PBXProject;
			attributes = {
				LastSwiftUpdateCheck = 1020;
				LastUpgradeCheck = 1020;
				ORGANIZATIONNAME = "Billy Bray";
				TargetAttributes = {
					28BA9AE922B3B6D000BBA2B3 = {
						CreatedOnToolsVersion = 10.2;
					};
					28BA9AFD22B3B6D000BBA2B3 = {
						CreatedOnToolsVersion = 10.2;
						TestTargetID = 28BA9AE922B3B6D000BBA2B3;
					};
					28BA9B0822B3B6D000BBA2B3 = {
						CreatedOnToolsVersion = 10.2;
						TestTargetID = 28BA9AE922B3B6D000BBA2B3;
					};
				};
			};
			buildConfigurationList = 28BA9AE522B3B6D000BBA2B3 /* Build configuration list for PBXProject "GithubCommits" */;
			compatibilityVersion = "Xcode 9.3";
			developmentRegion = en;
			hasScannedForEncodings = 0;
			knownRegions = (
				en,
				Base,
			);
			mainGroup = 28BA9AE122B3B6D000BBA2B3;
			productRefGroup = 28BA9AEB22B3B6D000BBA2B3 /* Products */;
			projectDirPath = "";
			projectRoot = "";
			targets = (
				28BA9AE922B3B6D000BBA2B3 /* GithubCommits */,
				28BA9AFD22B3B6D000BBA2B3 /* GithubCommitsTests */,
				28BA9B0822B3B6D000BBA2B3 /* GithubCommitsUITests */,
			);
		};
/* End PBXProject section */

/* Begin PBXResourcesBuildPhase section */
		28BA9AE822B3B6D000BBA2B3 /* Resources */ = {
			isa = PBXResourcesBuildPhase;
			buildActionMask = 2147483647;
			files = (
				28BA9AF822B3B6D000BBA2B3 /* LaunchScreen.storyboard in Resources */,
				28BA9AF522B3B6D000BBA2B3 /* Assets.xcassets in Resources */,
				28BA9AF322B3B6D000BBA2B3 /* Main.storyboard in Resources */,
			);
			runOnlyForDeploymentPostprocessing = 0;
		};
		28BA9AFC22B3B6D000BBA2B3 /* Resources */ = {
			isa = PBXResourcesBuildPhase;
			buildActionMask = 2147483647;
			files = (
			);
			runOnlyForDeploymentPostprocessing = 0;
		};
		28BA9B0722B3B6D000BBA2B3 /* Resources */ = {
			isa = PBXResourcesBuildPhase;
			buildActionMask = 2147483647;
			files = (
			);
			runOnlyForDeploymentPostprocessing = 0;
		};
/* End PBXResourcesBuildPhase section */

/* Begin PBXSourcesBuildPhase section */
		28BA9AE622B3B6D000BBA2B3 /* Sources */ = {
			isa = PBXSourcesBuildPhase;
			buildActionMask = 2147483647;
			files = (
				28BA9B1F22B3BACE00BBA2B3 /* Commits.swift in Sources */,
				28BA9B2422B3C3EA00BBA2B3 /* SearchRepoPresenter.swift in Sources */,
				28BA9AF022B3B6D000BBA2B3 /* ViewController.swift in Sources */,
				28BA9B1D22B3B9C800BBA2B3 /* RepoSearchInfo.swift in Sources */,
				28BA9AEE22B3B6D000BBA2B3 /* AppDelegate.swift in Sources */,
			);
			runOnlyForDeploymentPostprocessing = 0;
		};
		28BA9AFA22B3B6D000BBA2B3 /* Sources */ = {
			isa = PBXSourcesBuildPhase;
			buildActionMask = 2147483647;
			files = (
				28BA9B0322B3B6D000BBA2B3 /* GithubCommitsTests.swift in Sources */,
				28BA9B2122B3C39B00BBA2B3 /* SearchRepoTests.swift in Sources */,
			);
			runOnlyForDeploymentPostprocessing = 0;
		};
		28BA9B0522B3B6D000BBA2B3 /* Sources */ = {
			isa = PBXSourcesBuildPhase;
			buildActionMask = 2147483647;
			files = (
				28BA9B0E22B3B6D000BBA2B3 /* GithubCommitsUITests.swift in Sources */,
			);
			runOnlyForDeploymentPostprocessing = 0;
		};
/* End PBXSourcesBuildPhase section */

/* Begin PBXTargetDependency section */
		28BA9B0022B3B6D000BBA2B3 /* PBXTargetDependency */ = {
			isa = PBXTargetDependency;
			target = 28BA9AE922B3B6D000BBA2B3 /* GithubCommits */;
			targetProxy = 28BA9AFF22B3B6D000BBA2B3 /* PBXContainerItemProxy */;
		};
		28BA9B0B22B3B6D000BBA2B3 /* PBXTargetDependency */ = {
			isa = PBXTargetDependency;
			target = 28BA9AE922B3B6D000BBA2B3 /* GithubCommits */;
			targetProxy = 28BA9B0A22B3B6D000BBA2B3 /* PBXContainerItemProxy */;
		};
/* End PBXTargetDependency section */

/* Begin PBXVariantGroup section */
		28BA9AF122B3B6D000BBA2B3 /* Main.storyboard */ = {
			isa = PBXVariantGroup;
			children = (
				28BA9AF222B3B6D000BBA2B3 /* Base */,
			);
			name = Main.storyboard;
			sourceTree = "<group>";
		};
		28BA9AF622B3B6D000BBA2B3 /* LaunchScreen.storyboard */ = {
			isa = PBXVariantGroup;
			children = (
				28BA9AF722B3B6D000BBA2B3 /* Base */,
			);
			name = LaunchScreen.storyboard;
			sourceTree = "<group>";
		};
/* End PBXVariantGroup section */

/* Begin XCBuildConfiguration section */
		28BA9B1022B3B6D000BBA2B3 /* Debug */ = {
			isa = XCBuildConfiguration;
			buildSettings = {
				ALWAYS_SEARCH_USER_PATHS = NO;
				CLANG_ANALYZER_NONNULL = YES;
				CLANG_ANALYZER_NUMBER_OBJECT_CONVERSION = YES_AGGRESSIVE;
				CLANG_CXX_LANGUAGE_STANDARD = "gnu++14";
				CLANG_CXX_LIBRARY = "libc++";
				CLANG_ENABLE_MODULES = YES;
				CLANG_ENABLE_OBJC_ARC = YES;
				CLANG_ENABLE_OBJC_WEAK = YES;
				CLANG_WARN_BLOCK_CAPTURE_AUTORELEASING = YES;
				CLANG_WARN_BOOL_CONVERSION = YES;
				CLANG_WARN_COMMA = YES;
				CLANG_WARN_CONSTANT_CONVERSION = YES;
				CLANG_WARN_DEPRECATED_OBJC_IMPLEMENTATIONS = YES;
				CLANG_WARN_DIRECT_OBJC_ISA_USAGE = YES_ERROR;
				CLANG_WARN_DOCUMENTATION_COMMENTS = YES;
				CLANG_WARN_EMPTY_BODY = YES;
				CLANG_WARN_ENUM_CONVERSION = YES;
				CLANG_WARN_INFINITE_RECURSION = YES;
				CLANG_WARN_INT_CONVERSION = YES;
				CLANG_WARN_NON_LITERAL_NULL_CONVERSION = YES;
				CLANG_WARN_OBJC_IMPLICIT_RETAIN_SELF = YES;
				CLANG_WARN_OBJC_LITERAL_CONVERSION = YES;
				CLANG_WARN_OBJC_ROOT_CLASS = YES_ERROR;
				CLANG_WARN_RANGE_LOOP_ANALYSIS = YES;
				CLANG_WARN_STRICT_PROTOTYPES = YES;
				CLANG_WARN_SUSPICIOUS_MOVE = YES;
				CLANG_WARN_UNGUARDED_AVAILABILITY = YES_AGGRESSIVE;
				CLANG_WARN_UNREACHABLE_CODE = YES;
				CLANG_WARN__DUPLICATE_METHOD_MATCH = YES;
				CODE_SIGN_IDENTITY = "iPhone Developer";
				COPY_PHASE_STRIP = NO;
				DEBUG_INFORMATION_FORMAT = dwarf;
				ENABLE_STRICT_OBJC_MSGSEND = YES;
				ENABLE_TESTABILITY = YES;
				GCC_C_LANGUAGE_STANDARD = gnu11;
				GCC_DYNAMIC_NO_PIC = NO;
				GCC_NO_COMMON_BLOCKS = YES;
				GCC_OPTIMIZATION_LEVEL = 0;
				GCC_PREPROCESSOR_DEFINITIONS = (
					"DEBUG=1",
					"$(inherited)",
				);
				GCC_WARN_64_TO_32_BIT_CONVERSION = YES;
				GCC_WARN_ABOUT_RETURN_TYPE = YES_ERROR;
				GCC_WARN_UNDECLARED_SELECTOR = YES;
				GCC_WARN_UNINITIALIZED_AUTOS = YES_AGGRESSIVE;
				GCC_WARN_UNUSED_FUNCTION = YES;
				GCC_WARN_UNUSED_VARIABLE = YES;
				IPHONEOS_DEPLOYMENT_TARGET = 12.2;
				MTL_ENABLE_DEBUG_INFO = INCLUDE_SOURCE;
				MTL_FAST_MATH = YES;
				ONLY_ACTIVE_ARCH = YES;
				SDKROOT = iphoneos;
				SWIFT_ACTIVE_COMPILATION_CONDITIONS = DEBUG;
				SWIFT_OPTIMIZATION_LEVEL = "-Onone";
			};
			name = Debug;
		};
		28BA9B1122B3B6D000BBA2B3 /* Release */ = {
			isa = XCBuildConfiguration;
			buildSettings = {
				ALWAYS_SEARCH_USER_PATHS = NO;
				CLANG_ANALYZER_NONNULL = YES;
				CLANG_ANALYZER_NUMBER_OBJECT_CONVERSION = YES_AGGRESSIVE;
				CLANG_CXX_LANGUAGE_STANDARD = "gnu++14";
				CLANG_CXX_LIBRARY = "libc++";
				CLANG_ENABLE_MODULES = YES;
				CLANG_ENABLE_OBJC_ARC = YES;
				CLANG_ENABLE_OBJC_WEAK = YES;
				CLANG_WARN_BLOCK_CAPTURE_AUTORELEASING = YES;
				CLANG_WARN_BOOL_CONVERSION = YES;
				CLANG_WARN_COMMA = YES;
				CLANG_WARN_CONSTANT_CONVERSION = YES;
				CLANG_WARN_DEPRECATED_OBJC_IMPLEMENTATIONS = YES;
				CLANG_WARN_DIRECT_OBJC_ISA_USAGE = YES_ERROR;
				CLANG_WARN_DOCUMENTATION_COMMENTS = YES;
				CLANG_WARN_EMPTY_BODY = YES;
				CLANG_WARN_ENUM_CONVERSION = YES;
				CLANG_WARN_INFINITE_RECURSION = YES;
				CLANG_WARN_INT_CONVERSION = YES;
				CLANG_WARN_NON_LITERAL_NULL_CONVERSION = YES;
				CLANG_WARN_OBJC_IMPLICIT_RETAIN_SELF = YES;
				CLANG_WARN_OBJC_LITERAL_CONVERSION = YES;
				CLANG_WARN_OBJC_ROOT_CLASS = YES_ERROR;
				CLANG_WARN_RANGE_LOOP_ANALYSIS = YES;
				CLANG_WARN_STRICT_PROTOTYPES = YES;
				CLANG_WARN_SUSPICIOUS_MOVE = YES;
				CLANG_WARN_UNGUARDED_AVAILABILITY = YES_AGGRESSIVE;
				CLANG_WARN_UNREACHABLE_CODE = YES;
				CLANG_WARN__DUPLICATE_METHOD_MATCH = YES;
				CODE_SIGN_IDENTITY = "iPhone Developer";
				COPY_PHASE_STRIP = NO;
				DEBUG_INFORMATION_FORMAT = "dwarf-with-dsym";
				ENABLE_NS_ASSERTIONS = NO;
				ENABLE_STRICT_OBJC_MSGSEND = YES;
				GCC_C_LANGUAGE_STANDARD = gnu11;
				GCC_NO_COMMON_BLOCKS = YES;
				GCC_WARN_64_TO_32_BIT_CONVERSION = YES;
				GCC_WARN_ABOUT_RETURN_TYPE = YES_ERROR;
				GCC_WARN_UNDECLARED_SELECTOR = YES;
				GCC_WARN_UNINITIALIZED_AUTOS = YES_AGGRESSIVE;
				GCC_WARN_UNUSED_FUNCTION = YES;
				GCC_WARN_UNUSED_VARIABLE = YES;
				IPHONEOS_DEPLOYMENT_TARGET = 12.2;
				MTL_ENABLE_DEBUG_INFO = NO;
				MTL_FAST_MATH = YES;
				SDKROOT = iphoneos;
				SWIFT_COMPILATION_MODE = wholemodule;
				SWIFT_OPTIMIZATION_LEVEL = "-O";
				VALIDATE_PRODUCT = YES;
			};
			name = Release;
		};
		28BA9B1322B3B6D000BBA2B3 /* Debug */ = {
			isa = XCBuildConfiguration;
			buildSettings = {
				ASSETCATALOG_COMPILER_APPICON_NAME = AppIcon;
				CODE_SIGN_STYLE = Automatic;
				DEVELOPMENT_TEAM = J593M3MVBY;
				INFOPLIST_FILE = GithubCommits/Info.plist;
				LD_RUNPATH_SEARCH_PATHS = (
					"$(inherited)",
					"@executable_path/Frameworks",
				);
				PRODUCT_BUNDLE_IDENTIFIER = com.billy.GithubCommits;
				PRODUCT_NAME = "$(TARGET_NAME)";
				SWIFT_VERSION = 5.0;
				TARGETED_DEVICE_FAMILY = "1,2";
			};
			name = Debug;
		};
		28BA9B1422B3B6D000BBA2B3 /* Release */ = {
			isa = XCBuildConfiguration;
			buildSettings = {
				ASSETCATALOG_COMPILER_APPICON_NAME = AppIcon;
				CODE_SIGN_STYLE = Automatic;
				DEVELOPMENT_TEAM = J593M3MVBY;
				INFOPLIST_FILE = GithubCommits/Info.plist;
				LD_RUNPATH_SEARCH_PATHS = (
					"$(inherited)",
					"@executable_path/Frameworks",
				);
				PRODUCT_BUNDLE_IDENTIFIER = com.billy.GithubCommits;
				PRODUCT_NAME = "$(TARGET_NAME)";
				SWIFT_VERSION = 5.0;
				TARGETED_DEVICE_FAMILY = "1,2";
			};
			name = Release;
		};
		28BA9B1622B3B6D000BBA2B3 /* Debug */ = {
			isa = XCBuildConfiguration;
			buildSettings = {
				ALWAYS_EMBED_SWIFT_STANDARD_LIBRARIES = YES;
				BUNDLE_LOADER = "$(TEST_HOST)";
				CODE_SIGN_STYLE = Automatic;
				DEVELOPMENT_TEAM = J593M3MVBY;
				INFOPLIST_FILE = GithubCommitsTests/Info.plist;
				LD_RUNPATH_SEARCH_PATHS = (
					"$(inherited)",
					"@executable_path/Frameworks",
					"@loader_path/Frameworks",
				);
				PRODUCT_BUNDLE_IDENTIFIER = com.billy.GithubCommitsTests;
				PRODUCT_NAME = "$(TARGET_NAME)";
				SWIFT_VERSION = 5.0;
				TARGETED_DEVICE_FAMILY = "1,2";
				TEST_HOST = "$(BUILT_PRODUCTS_DIR)/GithubCommits.app/GithubCommits";
			};
			name = Debug;
		};
		28BA9B1722B3B6D000BBA2B3 /* Release */ = {
			isa = XCBuildConfiguration;
			buildSettings = {
				ALWAYS_EMBED_SWIFT_STANDARD_LIBRARIES = YES;
				BUNDLE_LOADER = "$(TEST_HOST)";
				CODE_SIGN_STYLE = Automatic;
				DEVELOPMENT_TEAM = J593M3MVBY;
				INFOPLIST_FILE = GithubCommitsTests/Info.plist;
				LD_RUNPATH_SEARCH_PATHS = (
					"$(inherited)",
					"@executable_path/Frameworks",
					"@loader_path/Frameworks",
				);
				PRODUCT_BUNDLE_IDENTIFIER = com.billy.GithubCommitsTests;
				PRODUCT_NAME = "$(TARGET_NAME)";
				SWIFT_VERSION = 5.0;
				TARGETED_DEVICE_FAMILY = "1,2";
				TEST_HOST = "$(BUILT_PRODUCTS_DIR)/GithubCommits.app/GithubCommits";
			};
			name = Release;
		};
		28BA9B1922B3B6D000BBA2B3 /* Debug */ = {
			isa = XCBuildConfiguration;
			buildSettings = {
				ALWAYS_EMBED_SWIFT_STANDARD_LIBRARIES = YES;
				CODE_SIGN_STYLE = Automatic;
				DEVELOPMENT_TEAM = J593M3MVBY;
				INFOPLIST_FILE = GithubCommitsUITests/Info.plist;
				LD_RUNPATH_SEARCH_PATHS = (
					"$(inherited)",
					"@executable_path/Frameworks",
					"@loader_path/Frameworks",
				);
				PRODUCT_BUNDLE_IDENTIFIER = com.billy.GithubCommitsUITests;
				PRODUCT_NAME = "$(TARGET_NAME)";
				SWIFT_VERSION = 5.0;
				TARGETED_DEVICE_FAMILY = "1,2";
				TEST_TARGET_NAME = GithubCommits;
			};
			name = Debug;
		};
		28BA9B1A22B3B6D000BBA2B3 /* Release */ = {
			isa = XCBuildConfiguration;
			buildSettings = {
				ALWAYS_EMBED_SWIFT_STANDARD_LIBRARIES = YES;
				CODE_SIGN_STYLE = Automatic;
				DEVELOPMENT_TEAM = J593M3MVBY;
				INFOPLIST_FILE = GithubCommitsUITests/Info.plist;
				LD_RUNPATH_SEARCH_PATHS = (
					"$(inherited)",
					"@executable_path/Frameworks",
					"@loader_path/Frameworks",
				);
				PRODUCT_BUNDLE_IDENTIFIER = com.billy.GithubCommitsUITests;
				PRODUCT_NAME = "$(TARGET_NAME)";
				SWIFT_VERSION = 5.0;
				TARGETED_DEVICE_FAMILY = "1,2";
				TEST_TARGET_NAME = GithubCommits;
			};
			name = Release;
		};
/* End XCBuildConfiguration section */

/* Begin XCConfigurationList section */
		28BA9AE522B3B6D000BBA2B3 /* Build configuration list for PBXProject "GithubCommits" */ = {
			isa = XCConfigurationList;
			buildConfigurations = (
				28BA9B1022B3B6D000BBA2B3 /* Debug */,
				28BA9B1122B3B6D000BBA2B3 /* Release */,
			);
			defaultConfigurationIsVisible = 0;
			defaultConfigurationName = Release;
		};
		28BA9B1222B3B6D000BBA2B3 /* Build configuration list for PBXNativeTarget "GithubCommits" */ = {
			isa = XCConfigurationList;
			buildConfigurations = (
				28BA9B1322B3B6D000BBA2B3 /* Debug */,
				28BA9B1422B3B6D000BBA2B3 /* Release */,
			);
			defaultConfigurationIsVisible = 0;
			defaultConfigurationName = Release;
		};
		28BA9B1522B3B6D000BBA2B3 /* Build configuration list for PBXNativeTarget "GithubCommitsTests" */ = {
			isa = XCConfigurationList;
			buildConfigurations = (
				28BA9B1622B3B6D000BBA2B3 /* Debug */,
				28BA9B1722B3B6D000BBA2B3 /* Release */,
			);
			defaultConfigurationIsVisible = 0;
			defaultConfigurationName = Release;
		};
		28BA9B1822B3B6D000BBA2B3 /* Build configuration list for PBXNativeTarget "GithubCommitsUITests" */ = {
			isa = XCConfigurationList;
			buildConfigurations = (
				28BA9B1922B3B6D000BBA2B3 /* Debug */,
				28BA9B1A22B3B6D000BBA2B3 /* Release */,
			);
			defaultConfigurationIsVisible = 0;
			defaultConfigurationName = Release;
		};
/* End XCConfigurationList section */
	};
	rootObject = 28BA9AE222B3B6D000BBA2B3 /* Project object */;
}
